
Microsoft Visual Studio Solution File, Format Version 12.00
# Visual Studio Version 17
VisualStudioVersion = 17.6.33801.468
MinimumVisualStudioVersion = 10.0.40219.1
Project("{9A19103F-16F7-4668-BE54-9A1E7A4F7556}") = "Practica2023React", "Practica2023React.csproj", "{6916A0D1-8F41-42F5-83FD-E91884EA7C84}"
EndProject
Project("{9A19103F-16F7-4668-BE54-9A1E7A4F7556}") = "Practica2023React.Business", "..\test.Business\Practica2023React.Business.csproj", "{9B861061-9AE0-4F22-9B02-861CD9EA33A6}"
EndProject
Project("{9A19103F-16F7-4668-BE54-9A1E7A4F7556}") = "Practica2023React.Data", "..\test.Data\Practica2023React.Data.csproj", "{F45038C8-6343-4C5E-9B49-3D3320CCE6DE}"
EndProject
Global
	GlobalSection(SolutionConfigurationPlatforms) = preSolution
		Debug|Any CPU = Debug|Any CPU
		Release|Any CPU = Release|Any CPU
	EndGlobalSection
	GlobalSection(ProjectConfigurationPlatforms) = postSolution
		{6916A0D1-8F41-42F5-83FD-E91884EA7C84}.Debug|Any CPU.ActiveCfg = Debug|Any CPU
		{6916A0D1-8F41-42F5-83FD-E91884EA7C84}.Debug|Any CPU.Build.0 = Debug|Any CPU
		{6916A0D1-8F41-42F5-83FD-E91884EA7C84}.Release|Any CPU.ActiveCfg = Release|Any CPU
		{6916A0D1-8F41-42F5-83FD-E91884EA7C84}.Release|Any CPU.Build.0 = Release|Any CPU
		{9B861061-9AE0-4F22-9B02-861CD9EA33A6}.Debug|Any CPU.ActiveCfg = Debug|Any CPU
		{9B861061-9AE0-4F22-9B02-861CD9EA33A6}.Debug|Any CPU.Build.0 = Debug|Any CPU
		{9B861061-9AE0-4F22-9B02-861CD9EA33A6}.Release|Any CPU.ActiveCfg = Release|Any CPU
		{9B861061-9AE0-4F22-9B02-861CD9EA33A6}.Release|Any CPU.Build.0 = Release|Any CPU
		{F45038C8-6343-4C5E-9B49-3D3320CCE6DE}.Debug|Any CPU.ActiveCfg = Debug|Any CPU
		{F45038C8-6343-4C5E-9B49-3D3320CCE6DE}.Debug|Any CPU.Build.0 = Debug|Any CPU
		{F45038C8-6343-4C5E-9B49-3D3320CCE6DE}.Release|Any CPU.ActiveCfg = Release|Any CPU
		{F45038C8-6343-4C5E-9B49-3D3320CCE6DE}.Release|Any CPU.Build.0 = Release|Any CPU
	EndGlobalSection
	GlobalSection(SolutionProperties) = preSolution
		HideSolutionNode = FALSE
	EndGlobalSection
	GlobalSection(ExtensibilityGlobals) = postSolution
		SolutionGuid = {110B0CEF-2297-48A4-B9DD-BBE6D489EA67}
	EndGlobalSection
EndGlobal
